
Microsoft Visual Studio Solution File, Format Version 12.00
# Visual Studio Version 17
VisualStudioVersion = 17.2.32505.173
MinimumVisualStudioVersion = 10.0.40219.1
Project("{FAE04EC0-301F-11D3-BF4B-00C04F79EFBC}") = "GameCafe", "GameCafe\GameCafe.csproj", "{C0C2FFDC-BB39-4099-98E5-91DD405CC976}"
EndProject
Global
	GlobalSection(SolutionConfigurationPlatforms) = preSolution
		Debug|Any CPU = Debug|Any CPU
		Release|Any CPU = Release|Any CPU
	EndGlobalSection
	GlobalSection(ProjectConfigurationPlatforms) = postSolution
		{C0C2FFDC-BB39-4099-98E5-91DD405CC976}.Debug|Any CPU.ActiveCfg = Debug|Any CPU
		{C0C2FFDC-BB39-4099-98E5-91DD405CC976}.Debug|Any CPU.Build.0 = Debug|Any CPU
		{C0C2FFDC-BB39-4099-98E5-91DD405CC976}.Release|Any CPU.ActiveCfg = Release|Any CPU
		{C0C2FFDC-BB39-4099-98E5-91DD405CC976}.Release|Any CPU.Build.0 = Release|Any CPU
	EndGlobalSection
	GlobalSection(SolutionProperties) = preSolution
		HideSolutionNode = FALSE
	EndGlobalSection
	GlobalSection(ExtensibilityGlobals) = postSolution
		SolutionGuid = {A36538E6-86E1-45B6-9B43-2CB05D47A403}
	EndGlobalSection
EndGlobal
